Microsoft Visual Studio Solution File, Format Version 12.00
# Visual Studio 2013
VisualStudioVersion = 12.0.21005.1
MinimumVisualStudioVersion = 10.0.40219.1
Project("{FAE04EC0-301F-11D3-BF4B-00C04F79EFBC}") = "PagarmeCoreApi.PCL", "PagarmeCoreApi.PCL/PagarmeCoreApi.PCL.csproj", "{e6b5d984-2842-4394-8171-b66631d5037a}"
EndProject
Global
    GlobalSection(SolutionConfigurationPlatforms) = preSolution
        Debug|Any CPU = Debug|Any CPU
        Release|Any CPU = Release|Any CPU
    EndGlobalSection
    GlobalSection(ProjectConfigurationPlatforms) = postSolution
        {e6b5d984-2842-4394-8171-b66631d5037a}.Debug|Any CPU.ActiveCfg = Debug|Any CPU
        {e6b5d984-2842-4394-8171-b66631d5037a}.Debug|Any CPU.Build.0 = Debug|Any CPU
        {e6b5d984-2842-4394-8171-b66631d5037a}.Release|Any CPU.ActiveCfg = Release|Any CPU
        {e6b5d984-2842-4394-8171-b66631d5037a}.Release|Any CPU.Build.0 = Release|Any CPU
    EndGlobalSection
    GlobalSection(SolutionProperties) = preSolution
        HideSolutionNode = FALSE
    EndGlobalSection
EndGlobal
